
Microsoft Visual Studio Solution File, Format Version 12.00
# Visual Studio 15
VisualStudioVersion = 15.0.28307.1000
MinimumVisualStudioVersion = 10.0.40219.1
Project("{FAE04EC0-301F-11D3-BF4B-00C04F79EFBC}") = "Dawg.Resolver.WPF", "Dawg.Resolver.WPF.csproj", "{97D15650-D760-44D8-A92C-3F3AE3C2D4F9}"
EndProject
Project("{FAE04EC0-301F-11D3-BF4B-00C04F79EFBC}") = "Dawg.Resolver", "..\DawgResolver\Dawg.Resolver.csproj", "{E12BB466-F92A-40DC-B0C7-4CE18EE15EB9}"
EndProject
Project("{FAE04EC0-301F-11D3-BF4B-00C04F79EFBC}") = "Dawg", "..\Dawg\Dawg.csproj", "{95AF0C36-E8CB-422A-9060-ACA73CCD0C36}"
EndProject
Global
	GlobalSection(SolutionConfigurationPlatforms) = preSolution
		Debug|Any CPU = Debug|Any CPU
		Release|Any CPU = Release|Any CPU
	EndGlobalSection
	GlobalSection(ProjectConfigurationPlatforms) = postSolution
		{97D15650-D760-44D8-A92C-3F3AE3C2D4F9}.Debug|Any CPU.ActiveCfg = Debug|Any CPU
		{97D15650-D760-44D8-A92C-3F3AE3C2D4F9}.Debug|Any CPU.Build.0 = Debug|Any CPU
		{97D15650-D760-44D8-A92C-3F3AE3C2D4F9}.Release|Any CPU.ActiveCfg = Release|Any CPU
		{97D15650-D760-44D8-A92C-3F3AE3C2D4F9}.Release|Any CPU.Build.0 = Release|Any CPU
		{E12BB466-F92A-40DC-B0C7-4CE18EE15EB9}.Debug|Any CPU.ActiveCfg = Debug|Any CPU
		{E12BB466-F92A-40DC-B0C7-4CE18EE15EB9}.Debug|Any CPU.Build.0 = Debug|Any CPU
		{E12BB466-F92A-40DC-B0C7-4CE18EE15EB9}.Release|Any CPU.ActiveCfg = Release|Any CPU
		{E12BB466-F92A-40DC-B0C7-4CE18EE15EB9}.Release|Any CPU.Build.0 = Release|Any CPU
		{95AF0C36-E8CB-422A-9060-ACA73CCD0C36}.Debug|Any CPU.ActiveCfg = Debug|Any CPU
		{95AF0C36-E8CB-422A-9060-ACA73CCD0C36}.Debug|Any CPU.Build.0 = Debug|Any CPU
		{95AF0C36-E8CB-422A-9060-ACA73CCD0C36}.Release|Any CPU.ActiveCfg = Release|Any CPU
		{95AF0C36-E8CB-422A-9060-ACA73CCD0C36}.Release|Any CPU.Build.0 = Release|Any CPU
	EndGlobalSection
	GlobalSection(SolutionProperties) = preSolution
		HideSolutionNode = FALSE
	EndGlobalSection
	GlobalSection(ExtensibilityGlobals) = postSolution
		SolutionGuid = {95DB7A33-4BFF-46BD-B57A-736E06B55C40}
	EndGlobalSection
EndGlobal
